
Microsoft Visual Studio Solution File, Format Version 12.00
# Visual Studio Version 16
VisualStudioVersion = 16.0.29806.167
MinimumVisualStudioVersion = 10.0.40219.1
Project("{FAE04EC0-301F-11D3-BF4B-00C04F79EFBC}") = "brive_ex", "brive_ex\brive_ex.csproj", "{11F78F10-CBFD-4350-99EF-F6F6AD72E078}"
EndProject
Project("{FAE04EC0-301F-11D3-BF4B-00C04F79EFBC}") = "brive_DataAccess", "brive_DataAccess\brive_DataAccess.csproj", "{1128F01C-77C1-4527-A88F-BFA386094AFC}"
EndProject
Project("{2150E333-8FDC-42A3-9474-1A3956D46DE8}") = "Solution Items", "Solution Items", "{87C67D87-5506-43F0-8011-31F3C15A870F}"
	ProjectSection(SolutionItems) = preProject
		docs\images\api.png = docs\images\api.png
		docs\images\client.png = docs\images\client.png
		README.md = README.md
	EndProjectSection
EndProject
Global
	GlobalSection(SolutionConfigurationPlatforms) = preSolution
		Debug|Any CPU = Debug|Any CPU
		Release|Any CPU = Release|Any CPU
	EndGlobalSection
	GlobalSection(ProjectConfigurationPlatforms) = postSolution
		{11F78F10-CBFD-4350-99EF-F6F6AD72E078}.Debug|Any CPU.ActiveCfg = Debug|Any CPU
		{11F78F10-CBFD-4350-99EF-F6F6AD72E078}.Debug|Any CPU.Build.0 = Debug|Any CPU
		{11F78F10-CBFD-4350-99EF-F6F6AD72E078}.Release|Any CPU.ActiveCfg = Release|Any CPU
		{11F78F10-CBFD-4350-99EF-F6F6AD72E078}.Release|Any CPU.Build.0 = Release|Any CPU
		{1128F01C-77C1-4527-A88F-BFA386094AFC}.Debug|Any CPU.ActiveCfg = Debug|Any CPU
		{1128F01C-77C1-4527-A88F-BFA386094AFC}.Debug|Any CPU.Build.0 = Debug|Any CPU
		{1128F01C-77C1-4527-A88F-BFA386094AFC}.Release|Any CPU.ActiveCfg = Release|Any CPU
		{1128F01C-77C1-4527-A88F-BFA386094AFC}.Release|Any CPU.Build.0 = Release|Any CPU
	EndGlobalSection
	GlobalSection(SolutionProperties) = preSolution
		HideSolutionNode = FALSE
	EndGlobalSection
	GlobalSection(ExtensibilityGlobals) = postSolution
		SolutionGuid = {EBEEFBE4-ED28-43F3-BC49-E6619BEE2F04}
	EndGlobalSection
EndGlobal
